
Microsoft Visual Studio Solution File, Format Version 12.00
# Visual Studio Version 16
VisualStudioVersion = 16.0.30309.148
MinimumVisualStudioVersion = 10.0.40219.1
Project("{9A19103F-16F7-4668-BE54-9A1E7A4F7556}") = "SportStore", "SportStore\SportStore.csproj", "{BC5C6AA7-0FBF-4EE3-9440-0E6C943C39BB}"
EndProject
Project("{9A19103F-16F7-4668-BE54-9A1E7A4F7556}") = "SportStore.Tests", "SportsStore.Tests\SportStore.Tests.csproj", "{2899167A-73D3-42EE-A2F0-E06E5CA88AFA}"
EndProject
Global
	GlobalSection(SolutionConfigurationPlatforms) = preSolution
		Debug|Any CPU = Debug|Any CPU
		Release|Any CPU = Release|Any CPU
	EndGlobalSection
	GlobalSection(ProjectConfigurationPlatforms) = postSolution
		{BC5C6AA7-0FBF-4EE3-9440-0E6C943C39BB}.Debug|Any CPU.ActiveCfg = Debug|Any CPU
		{BC5C6AA7-0FBF-4EE3-9440-0E6C943C39BB}.Debug|Any CPU.Build.0 = Debug|Any CPU
		{BC5C6AA7-0FBF-4EE3-9440-0E6C943C39BB}.Release|Any CPU.ActiveCfg = Release|Any CPU
		{BC5C6AA7-0FBF-4EE3-9440-0E6C943C39BB}.Release|Any CPU.Build.0 = Release|Any CPU
		{2899167A-73D3-42EE-A2F0-E06E5CA88AFA}.Debug|Any CPU.ActiveCfg = Debug|Any CPU
		{2899167A-73D3-42EE-A2F0-E06E5CA88AFA}.Debug|Any CPU.Build.0 = Debug|Any CPU
		{2899167A-73D3-42EE-A2F0-E06E5CA88AFA}.Release|Any CPU.ActiveCfg = Release|Any CPU
		{2899167A-73D3-42EE-A2F0-E06E5CA88AFA}.Release|Any CPU.Build.0 = Release|Any CPU
	EndGlobalSection
	GlobalSection(SolutionProperties) = preSolution
		HideSolutionNode = FALSE
	EndGlobalSection
	GlobalSection(ExtensibilityGlobals) = postSolution
		SolutionGuid = {EA468D8B-A4CC-4320-9CEB-5247049E56CA}
	EndGlobalSection
EndGlobal
